
Microsoft Visual Studio Solution File, Format Version 12.00
# Visual Studio Version 17
VisualStudioVersion = 17.8.34408.163
MinimumVisualStudioVersion = 10.0.40219.1
Project("{9A19103F-16F7-4668-BE54-9A1E7A4F7556}") = "TS", "TS\TS.csproj", "{0CA418F9-009B-46F2-BE0B-FC3FE044B7FC}"
EndProject
Project("{9A19103F-16F7-4668-BE54-9A1E7A4F7556}") = "TS.Data", "TS.Data\TS.Data.csproj", "{9AA26D89-8DE4-451C-B75A-BBD3130084ED}"
EndProject
Project("{9A19103F-16F7-4668-BE54-9A1E7A4F7556}") = "TS.Data.Contracts", "TS.Data.Contracts\TS.Data.Contracts.csproj", "{BA9A9AEF-366F-4461-A5C5-AD963EEB8C81}"
EndProject
Project("{2150E333-8FDC-42A3-9474-1A3956D46DE8}") = "TestSetrvice", "TestSetrvice", "{88E8AC9B-2C77-40C4-BFDA-6EA869E197A1}"
EndProject
Project("{2150E333-8FDC-42A3-9474-1A3956D46DE8}") = "IS", "IS", "{F2709E75-0DE0-4A6D-BAF3-35130FB533A7}"
EndProject
Project("{9A19103F-16F7-4668-BE54-9A1E7A4F7556}") = "IdentityService", "IdentityService\IdentityService.csproj", "{2A9EDEBD-B148-408B-B223-3ECF2976A182}"
EndProject
Project("{9A19103F-16F7-4668-BE54-9A1E7A4F7556}") = "IdentityService.Data", "IdentityService.Data\IdentityService.Data.csproj", "{26779832-B81D-4DC9-9161-3FBF8C8BDD5F}"
EndProject
Project("{9A19103F-16F7-4668-BE54-9A1E7A4F7556}") = "IdentityService.Data.Contracts", "IdentityService.Data.Contracts\IdentityService.Data.Contracts.csproj", "{CD914BDB-F007-46B1-913D-7E6DA8590479}"
EndProject
Project("{2150E333-8FDC-42A3-9474-1A3956D46DE8}") = "Common", "Common", "{8F141CFB-3F5D-429D-A852-37DFEAD0026C}"
EndProject
Project("{9A19103F-16F7-4668-BE54-9A1E7A4F7556}") = "Common.Web", "CommonModules\Common.Web.csproj", "{323E34EE-0B86-4FFD-8914-1A9042555B65}"
EndProject
Project("{9A19103F-16F7-4668-BE54-9A1E7A4F7556}") = "Common", "Common\Common.csproj", "{8F95E206-3B9A-48A0-A78D-DF46A1A14BB0}"
EndProject
Project("{2150E333-8FDC-42A3-9474-1A3956D46DE8}") = "TestsAssigner", "TestsAssigner", "{67B92DBC-1F78-4E46-B2F4-0F9568C2931D}"
EndProject
Project("{FAE04EC0-301F-11D3-BF4B-00C04F79EFBC}") = "TA", "TA\TA.csproj", "{E3E28158-A0C0-4102-B27D-88F37930A3F3}"
EndProject
Project("{FAE04EC0-301F-11D3-BF4B-00C04F79EFBC}") = "TA.Data", "TA.Data\TA.Data.csproj", "{51E91B7A-14A9-45A3-99B9-F6A4DAC68892}"
EndProject
Project("{FAE04EC0-301F-11D3-BF4B-00C04F79EFBC}") = "TA.Data.Contracts", "TA.Data.Contracts\TA.Data.Contracts.csproj", "{F744BD26-303B-45BB-A59A-9EFC1B5A63C9}"
EndProject
Global
	GlobalSection(SolutionConfigurationPlatforms) = preSolution
		Debug|Any CPU = Debug|Any CPU
		Release|Any CPU = Release|Any CPU
	EndGlobalSection
	GlobalSection(ProjectConfigurationPlatforms) = postSolution
		{0CA418F9-009B-46F2-BE0B-FC3FE044B7FC}.Debug|Any CPU.ActiveCfg = Debug|Any CPU
		{0CA418F9-009B-46F2-BE0B-FC3FE044B7FC}.Debug|Any CPU.Build.0 = Debug|Any CPU
		{0CA418F9-009B-46F2-BE0B-FC3FE044B7FC}.Release|Any CPU.ActiveCfg = Release|Any CPU
		{0CA418F9-009B-46F2-BE0B-FC3FE044B7FC}.Release|Any CPU.Build.0 = Release|Any CPU
		{9AA26D89-8DE4-451C-B75A-BBD3130084ED}.Debug|Any CPU.ActiveCfg = Debug|Any CPU
		{9AA26D89-8DE4-451C-B75A-BBD3130084ED}.Debug|Any CPU.Build.0 = Debug|Any CPU
		{9AA26D89-8DE4-451C-B75A-BBD3130084ED}.Release|Any CPU.ActiveCfg = Release|Any CPU
		{9AA26D89-8DE4-451C-B75A-BBD3130084ED}.Release|Any CPU.Build.0 = Release|Any CPU
		{BA9A9AEF-366F-4461-A5C5-AD963EEB8C81}.Debug|Any CPU.ActiveCfg = Debug|Any CPU
		{BA9A9AEF-366F-4461-A5C5-AD963EEB8C81}.Debug|Any CPU.Build.0 = Debug|Any CPU
		{BA9A9AEF-366F-4461-A5C5-AD963EEB8C81}.Release|Any CPU.ActiveCfg = Release|Any CPU
		{BA9A9AEF-366F-4461-A5C5-AD963EEB8C81}.Release|Any CPU.Build.0 = Release|Any CPU
		{2A9EDEBD-B148-408B-B223-3ECF2976A182}.Debug|Any CPU.ActiveCfg = Debug|Any CPU
		{2A9EDEBD-B148-408B-B223-3ECF2976A182}.Debug|Any CPU.Build.0 = Debug|Any CPU
		{2A9EDEBD-B148-408B-B223-3ECF2976A182}.Release|Any CPU.ActiveCfg = Release|Any CPU
		{2A9EDEBD-B148-408B-B223-3ECF2976A182}.Release|Any CPU.Build.0 = Release|Any CPU
		{26779832-B81D-4DC9-9161-3FBF8C8BDD5F}.Debug|Any CPU.ActiveCfg = Debug|Any CPU
		{26779832-B81D-4DC9-9161-3FBF8C8BDD5F}.Debug|Any CPU.Build.0 = Debug|Any CPU
		{26779832-B81D-4DC9-9161-3FBF8C8BDD5F}.Release|Any CPU.ActiveCfg = Release|Any CPU
		{26779832-B81D-4DC9-9161-3FBF8C8BDD5F}.Release|Any CPU.Build.0 = Release|Any CPU
		{CD914BDB-F007-46B1-913D-7E6DA8590479}.Debug|Any CPU.ActiveCfg = Debug|Any CPU
		{CD914BDB-F007-46B1-913D-7E6DA8590479}.Debug|Any CPU.Build.0 = Debug|Any CPU
		{CD914BDB-F007-46B1-913D-7E6DA8590479}.Release|Any CPU.ActiveCfg = Release|Any CPU
		{CD914BDB-F007-46B1-913D-7E6DA8590479}.Release|Any CPU.Build.0 = Release|Any CPU
		{323E34EE-0B86-4FFD-8914-1A9042555B65}.Debug|Any CPU.ActiveCfg = Debug|Any CPU
		{323E34EE-0B86-4FFD-8914-1A9042555B65}.Debug|Any CPU.Build.0 = Debug|Any CPU
		{323E34EE-0B86-4FFD-8914-1A9042555B65}.Release|Any CPU.ActiveCfg = Release|Any CPU
		{323E34EE-0B86-4FFD-8914-1A9042555B65}.Release|Any CPU.Build.0 = Release|Any CPU
		{8F95E206-3B9A-48A0-A78D-DF46A1A14BB0}.Debug|Any CPU.ActiveCfg = Debug|Any CPU
		{8F95E206-3B9A-48A0-A78D-DF46A1A14BB0}.Debug|Any CPU.Build.0 = Debug|Any CPU
		{8F95E206-3B9A-48A0-A78D-DF46A1A14BB0}.Release|Any CPU.ActiveCfg = Release|Any CPU
		{8F95E206-3B9A-48A0-A78D-DF46A1A14BB0}.Release|Any CPU.Build.0 = Release|Any CPU
		{E3E28158-A0C0-4102-B27D-88F37930A3F3}.Debug|Any CPU.ActiveCfg = Debug|Any CPU
		{E3E28158-A0C0-4102-B27D-88F37930A3F3}.Debug|Any CPU.Build.0 = Debug|Any CPU
		{E3E28158-A0C0-4102-B27D-88F37930A3F3}.Release|Any CPU.ActiveCfg = Release|Any CPU
		{E3E28158-A0C0-4102-B27D-88F37930A3F3}.Release|Any CPU.Build.0 = Release|Any CPU
		{51E91B7A-14A9-45A3-99B9-F6A4DAC68892}.Debug|Any CPU.ActiveCfg = Debug|Any CPU
		{51E91B7A-14A9-45A3-99B9-F6A4DAC68892}.Debug|Any CPU.Build.0 = Debug|Any CPU
		{51E91B7A-14A9-45A3-99B9-F6A4DAC68892}.Release|Any CPU.ActiveCfg = Release|Any CPU
		{51E91B7A-14A9-45A3-99B9-F6A4DAC68892}.Release|Any CPU.Build.0 = Release|Any CPU
		{F744BD26-303B-45BB-A59A-9EFC1B5A63C9}.Debug|Any CPU.ActiveCfg = Debug|Any CPU
		{F744BD26-303B-45BB-A59A-9EFC1B5A63C9}.Debug|Any CPU.Build.0 = Debug|Any CPU
		{F744BD26-303B-45BB-A59A-9EFC1B5A63C9}.Release|Any CPU.ActiveCfg = Release|Any CPU
		{F744BD26-303B-45BB-A59A-9EFC1B5A63C9}.Release|Any CPU.Build.0 = Release|Any CPU
	EndGlobalSection
	GlobalSection(SolutionProperties) = preSolution
		HideSolutionNode = FALSE
	EndGlobalSection
	GlobalSection(NestedProjects) = preSolution
		{0CA418F9-009B-46F2-BE0B-FC3FE044B7FC} = {88E8AC9B-2C77-40C4-BFDA-6EA869E197A1}
		{9AA26D89-8DE4-451C-B75A-BBD3130084ED} = {88E8AC9B-2C77-40C4-BFDA-6EA869E197A1}
		{BA9A9AEF-366F-4461-A5C5-AD963EEB8C81} = {88E8AC9B-2C77-40C4-BFDA-6EA869E197A1}
		{2A9EDEBD-B148-408B-B223-3ECF2976A182} = {F2709E75-0DE0-4A6D-BAF3-35130FB533A7}
		{26779832-B81D-4DC9-9161-3FBF8C8BDD5F} = {F2709E75-0DE0-4A6D-BAF3-35130FB533A7}
		{CD914BDB-F007-46B1-913D-7E6DA8590479} = {F2709E75-0DE0-4A6D-BAF3-35130FB533A7}
		{323E34EE-0B86-4FFD-8914-1A9042555B65} = {8F141CFB-3F5D-429D-A852-37DFEAD0026C}
		{8F95E206-3B9A-48A0-A78D-DF46A1A14BB0} = {8F141CFB-3F5D-429D-A852-37DFEAD0026C}
		{E3E28158-A0C0-4102-B27D-88F37930A3F3} = {67B92DBC-1F78-4E46-B2F4-0F9568C2931D}
		{51E91B7A-14A9-45A3-99B9-F6A4DAC68892} = {67B92DBC-1F78-4E46-B2F4-0F9568C2931D}
		{F744BD26-303B-45BB-A59A-9EFC1B5A63C9} = {67B92DBC-1F78-4E46-B2F4-0F9568C2931D}
	EndGlobalSection
	GlobalSection(ExtensibilityGlobals) = postSolution
		SolutionGuid = {B3761B26-1696-4AC8-A045-66BA8F9277DF}
	EndGlobalSection
EndGlobal
